# THIS IS AN AUTOGENERATED FILE. DO NOT EDIT THIS FILE DIRECTLY.
# yarn lockfile v1


uikit@^3.2.3:
  version "3.2.3"
  resolved "https://registry.yarnpkg.com/uikit/-/uikit-3.2.3.tgz#1ee5a9d19706769b32e5f171ccd3feec3aed4f1d"
  integrity sha512-XDkFIlJQNA2sovxnMJAMyryqXwBFbOjL2VT7uDUDbxyl39hiKG0U60z6T+v8zBfI5AmANjDBoCSsK8CDkZJgAQ==
